
Microsoft Visual Studio Solution File, Format Version 12.00
# Visual Studio Version 16
VisualStudioVersion = 16.0.29728.190
MinimumVisualStudioVersion = 10.0.40219.1
Project("{FAE04EC0-301F-11D3-BF4B-00C04F79EFBC}") = "Generic-Collections", "Generic-Collections\Generic-Collections.csproj", "{F7BAAEC9-36AE-48A7-A200-9972256EFCDC}"
EndProject
Global
	GlobalSection(SolutionConfigurationPlatforms) = preSolution
		Debug|Any CPU = Debug|Any CPU
		Release|Any CPU = Release|Any CPU
	EndGlobalSection
	GlobalSection(ProjectConfigurationPlatforms) = postSolution
		{F7BAAEC9-36AE-48A7-A200-9972256EFCDC}.Debug|Any CPU.ActiveCfg = Debug|Any CPU
		{F7BAAEC9-36AE-48A7-A200-9972256EFCDC}.Debug|Any CPU.Build.0 = Debug|Any CPU
		{F7BAAEC9-36AE-48A7-A200-9972256EFCDC}.Release|Any CPU.ActiveCfg = Release|Any CPU
		{F7BAAEC9-36AE-48A7-A200-9972256EFCDC}.Release|Any CPU.Build.0 = Release|Any CPU
	EndGlobalSection
	GlobalSection(SolutionProperties) = preSolution
		HideSolutionNode = FALSE
	EndGlobalSection
	GlobalSection(ExtensibilityGlobals) = postSolution
		SolutionGuid = {BFC538A1-470B-4BB3-8881-C330E6CEE430}
	EndGlobalSection
EndGlobal
